{
  "version": 4,
  "terraform_version": "1.15.2",
  "serial": 16,
  "lineage": "2ba0d7b0-bb5d-e0bc-cf6f-ee69b6018411",
  "outputs": {},
  "resources": [
    {
      "mode": "managed",
      "type": "local_file",
      "name": "ex-1",
      "provider": "provider[\"registry.terraform.io/hashicorp/local\"]",
      "instances": [
        {
          "index_key": 0,
          "schema_version": 0,
          "attributes": {
            "content": "Hello, I am Basim and this is my first Terraform code!",
            "content_base64": null,
            "content_base64sha256": "dwn/9YUyi398Ez93VOrLovqfxb4CGrYTBf2RBAbNHYs=",
            "content_base64sha512": "qzhglBNVceRgQlAHhwSX2zAB18yZK1k2PyhYJvKKIflLYfOwwh1Rdv2faTVodzvqzEi1DGJoL1Bzyifb08BDFQ==",
            "content_md5": "d4c8a4b203dd2714c574c0bc126dcc63",
            "content_sha1": "2393668f672a5db50c9fd705364fc5dacafeeb71",
            "content_sha256": "7709fff585328b7f7c133f7754eacba2fa9fc5be021ab61305fd910406cd1d8b",
            "content_sha512": "ab386094135571e460425007870497db3001d7cc992b59363f285826f28a21f94b61f3b0c21d5176fd9f693568773beacc48b50c62682f5073ca27dbd3c04315",
            "directory_permission": "0777",
            "file_permission": "0777",
            "filename": "./hello0.txt",
            "id": "2393668f672a5db50c9fd705364fc5dacafeeb71",
            "sensitive_content": null,
            "source": null
          },
          "sensitive_attributes": [
            [
              {
                "type": "get_attr",
                "value": "sensitive_content"
              }
            ]
          ],
          "identity_schema_version": 0
        },
        {
          "index_key": 1,
          "schema_version": 0,
          "attributes": {
            "content": "Hello, I am Basim and this is my first Terraform code!",
            "content_base64": null,
            "content_base64sha256": "dwn/9YUyi398Ez93VOrLovqfxb4CGrYTBf2RBAbNHYs=",
            "content_base64sha512": "qzhglBNVceRgQlAHhwSX2zAB18yZK1k2PyhYJvKKIflLYfOwwh1Rdv2faTVodzvqzEi1DGJoL1Bzyifb08BDFQ==",
            "content_md5": "d4c8a4b203dd2714c574c0bc126dcc63",
            "content_sha1": "2393668f672a5db50c9fd705364fc5dacafeeb71",
            "content_sha256": "7709fff585328b7f7c133f7754eacba2fa9fc5be021ab61305fd910406cd1d8b",
            "content_sha512": "ab386094135571e460425007870497db3001d7cc992b59363f285826f28a21f94b61f3b0c21d5176fd9f693568773beacc48b50c62682f5073ca27dbd3c04315",
            "directory_permission": "0777",
            "file_permission": "0777",
            "filename": "./hello1.txt",
            "id": "2393668f672a5db50c9fd705364fc5dacafeeb71",
            "sensitive_content": null,
            "source": null
          },
          "sensitive_attributes": [
            [
              {
                "type": "get_attr",
                "value": "sensitive_content"
              }
            ]
          ],
          "identity_schema_version": 0
        },
        {
          "index_key": 2,
          "schema_version": 0,
          "attributes": {
            "content": "Hello, I am Basim and this is my first Terraform code!",
            "content_base64": null,
            "content_base64sha256": "dwn/9YUyi398Ez93VOrLovqfxb4CGrYTBf2RBAbNHYs=",
            "content_base64sha512": "qzhglBNVceRgQlAHhwSX2zAB18yZK1k2PyhYJvKKIflLYfOwwh1Rdv2faTVodzvqzEi1DGJoL1Bzyifb08BDFQ==",
            "content_md5": "d4c8a4b203dd2714c574c0bc126dcc63",
            "content_sha1": "2393668f672a5db50c9fd705364fc5dacafeeb71",
            "content_sha256": "7709fff585328b7f7c133f7754eacba2fa9fc5be021ab61305fd910406cd1d8b",
            "content_sha512": "ab386094135571e460425007870497db3001d7cc992b59363f285826f28a21f94b61f3b0c21d5176fd9f693568773beacc48b50c62682f5073ca27dbd3c04315",
            "directory_permission": "0777",
            "file_permission": "0777",
            "filename": "./hello2.txt",
            "id": "2393668f672a5db50c9fd705364fc5dacafeeb71",
            "sensitive_content": null,
            "source": null
          },
          "sensitive_attributes": [
            [
              {
                "type": "get_attr",
                "value": "sensitive_content"
              }
            ]
          ],
          "identity_schema_version": 0
        }
      ]
    },
    {
      "mode": "managed",
      "type": "local_sensitive_file",
      "name": "ex-2",
      "provider": "provider[\"registry.terraform.io/hashicorp/local\"]",
      "instances": [
        {
          "schema_version": 0,
          "attributes": {
            "content": "This is a secret file and should not be exposed! - Password: 123456",
            "content_base64": null,
            "content_base64sha256": "+eDSlFZo21/dZgzXbc9j8TUn2awinBV0zeFBTXbI7kk=",
            "content_base64sha512": "dHJdnhFSg0BfczglBPWIkflPJbEYuEDBsjfcP0wbeUOAtBoXuOpKJqxJatLyT4zzlE+VaiP+mx5mJm1mJQTrww==",
            "content_md5": "fb002505857bbeb0694e1f7ca1ad7ddd",
            "content_sha1": "c5e1b4402e1e51406e8e7541fafec387fd7d79e6",
            "content_sha256": "f9e0d2945668db5fdd660cd76dcf63f13527d9ac229c1574cde1414d76c8ee49",
            "content_sha512": "74725d9e115283405f73382504f58891f94f25b118b840c1b237dc3f4c1b794380b41a17b8ea4a26ac496ad2f24f8cf3944f956a23fe9b1e66266d662504ebc3",
            "directory_permission": "0700",
            "file_permission": "0700",
            "filename": "./secret.txt",
            "id": "c5e1b4402e1e51406e8e7541fafec387fd7d79e6",
            "source": null
          },
          "sensitive_attributes": [
            [
              {
                "type": "get_attr",
                "value": "content"
              }
            ],
            [
              {
                "type": "get_attr",
                "value": "content_base64"
              }
            ]
          ],
          "identity_schema_version": 0
        }
      ]
    }
  ],
  "check_results": null
}
