{
  "version": 4,
  "terraform_version": "1.15.2",
  "serial": 6,
  "lineage": "8cd37bc2-6611-b6b9-8428-e58af6698434",
  "outputs": {},
  "resources": [
    {
      "mode": "managed",
      "type": "local_file",
      "name": "ex-1",
      "provider": "provider[\"registry.terraform.io/hashicorp/local\"]",
      "instances": [
        {
          "index_key": 0,
          "schema_version": 0,
          "attributes": {
            "content": "Hello, I am Basim and this is my first Terraform code! for File 1",
            "content_base64": null,
            "content_base64sha256": "ZZ5C/uh2BB7BXaG+8mji6p3+3q8Ethln+c/8YnAAzws=",
            "content_base64sha512": "zCukRTNut6QqI+lpFEV9EmyXEMooV9wuU9Ary8m5QzLLA6GrT03Jhoj5bgYPA8nnwavmu6c6C2X64vwiUkukuA==",
            "content_md5": "6551c426cabf45c326f86d83eeb98cde",
            "content_sha1": "df645d778abab14dd5207958b3e91c8d0c54b2de",
            "content_sha256": "659e42fee876041ec15da1bef268e2ea9dfedeaf04b61967f9cffc627000cf0b",
            "content_sha512": "cc2ba445336eb7a42a23e96914457d126c9710ca2857dc2e53d02bcbc9b94332cb03a1ab4f4dc98688f96e060f03c9e7c1abe6bba73a0b65fae2fc22524ba4b8",
            "directory_permission": "0777",
            "file_permission": "0777",
            "filename": "./hello1.txt",
            "id": "df645d778abab14dd5207958b3e91c8d0c54b2de",
            "sensitive_content": null,
            "source": null
          },
          "sensitive_attributes": [
            [
              {
                "type": "get_attr",
                "value": "sensitive_content"
              }
            ]
          ],
          "identity_schema_version": 0
        },
        {
          "index_key": 1,
          "schema_version": 0,
          "attributes": {
            "content": "Hello, I am Basim and this is my first Terraform code! for File 2",
            "content_base64": null,
            "content_base64sha256": "OCcy2u4rAzeRMVq+mbni2+onGtXMnb4xL/OQUzZo6i4=",
            "content_base64sha512": "x2H2qF9qnRFKJPlzPqFMXC+XNPsLfYdjsbSiq91fcW9tRf0wrdIPTeB0BNrDxxG6LD4BN7zJ3OkAIV1KGRd/PA==",
            "content_md5": "199110a86782eae167c583c96c8a6142",
            "content_sha1": "0ffbb1b963be227512cd64b4bc4f547430b65805",
            "content_sha256": "382732daee2b033791315abe99b9e2dbea271ad5cc9dbe312ff390533668ea2e",
            "content_sha512": "c761f6a85f6a9d114a24f9733ea14c5c2f9734fb0b7d8763b1b4a2abdd5f716f6d45fd30add20f4de07404dac3c711ba2c3e0137bcc9dce900215d4a19177f3c",
            "directory_permission": "0777",
            "file_permission": "0777",
            "filename": "./hello2.txt",
            "id": "0ffbb1b963be227512cd64b4bc4f547430b65805",
            "sensitive_content": null,
            "source": null
          },
          "sensitive_attributes": [
            [
              {
                "type": "get_attr",
                "value": "sensitive_content"
              }
            ]
          ],
          "identity_schema_version": 0
        }
      ]
    },
    {
      "mode": "managed",
      "type": "local_sensitive_file",
      "name": "ex-2",
      "provider": "provider[\"registry.terraform.io/hashicorp/local\"]",
      "instances": [
        {
          "index_key": 0,
          "schema_version": 0,
          "attributes": {
            "content": "This is a secret file and should not be exposed! - Password: 123456",
            "content_base64": null,
            "content_base64sha256": "+eDSlFZo21/dZgzXbc9j8TUn2awinBV0zeFBTXbI7kk=",
            "content_base64sha512": "dHJdnhFSg0BfczglBPWIkflPJbEYuEDBsjfcP0wbeUOAtBoXuOpKJqxJatLyT4zzlE+VaiP+mx5mJm1mJQTrww==",
            "content_md5": "fb002505857bbeb0694e1f7ca1ad7ddd",
            "content_sha1": "c5e1b4402e1e51406e8e7541fafec387fd7d79e6",
            "content_sha256": "f9e0d2945668db5fdd660cd76dcf63f13527d9ac229c1574cde1414d76c8ee49",
            "content_sha512": "74725d9e115283405f73382504f58891f94f25b118b840c1b237dc3f4c1b794380b41a17b8ea4a26ac496ad2f24f8cf3944f956a23fe9b1e66266d662504ebc3",
            "directory_permission": "0700",
            "file_permission": "0700",
            "filename": "./secret1.md",
            "id": "c5e1b4402e1e51406e8e7541fafec387fd7d79e6",
            "source": null
          },
          "sensitive_attributes": [
            [
              {
                "type": "get_attr",
                "value": "content"
              }
            ],
            [
              {
                "type": "get_attr",
                "value": "content_base64"
              }
            ]
          ],
          "identity_schema_version": 0
        },
        {
          "index_key": 1,
          "schema_version": 0,
          "attributes": {
            "content": "This is a secret file and should not be exposed! - Password: 123456",
            "content_base64": null,
            "content_base64sha256": "+eDSlFZo21/dZgzXbc9j8TUn2awinBV0zeFBTXbI7kk=",
            "content_base64sha512": "dHJdnhFSg0BfczglBPWIkflPJbEYuEDBsjfcP0wbeUOAtBoXuOpKJqxJatLyT4zzlE+VaiP+mx5mJm1mJQTrww==",
            "content_md5": "fb002505857bbeb0694e1f7ca1ad7ddd",
            "content_sha1": "c5e1b4402e1e51406e8e7541fafec387fd7d79e6",
            "content_sha256": "f9e0d2945668db5fdd660cd76dcf63f13527d9ac229c1574cde1414d76c8ee49",
            "content_sha512": "74725d9e115283405f73382504f58891f94f25b118b840c1b237dc3f4c1b794380b41a17b8ea4a26ac496ad2f24f8cf3944f956a23fe9b1e66266d662504ebc3",
            "directory_permission": "0700",
            "file_permission": "0700",
            "filename": "./secret2.md",
            "id": "c5e1b4402e1e51406e8e7541fafec387fd7d79e6",
            "source": null
          },
          "sensitive_attributes": [
            [
              {
                "type": "get_attr",
                "value": "content"
              }
            ],
            [
              {
                "type": "get_attr",
                "value": "content_base64"
              }
            ]
          ],
          "identity_schema_version": 0
        }
      ]
    }
  ],
  "check_results": null
}
